
Microsoft Visual Studio Solution File, Format Version 12.00
# Visual Studio Version 17
VisualStudioVersion = 17.11.35327.3
MinimumVisualStudioVersion = 10.0.40219.1
Project("{FAE04EC0-301F-11D3-BF4B-00C04F79EFBC}") = "task10", "task10.csproj", "{DFB2EA9A-6F43-46EC-8DA4-AA04F52DBC41}"
EndProject
Global
	GlobalSection(SolutionConfigurationPlatforms) = preSolution
		Debug|Any CPU = Debug|Any CPU
		Release|Any CPU = Release|Any CPU
	EndGlobalSection
	GlobalSection(ProjectConfigurationPlatforms) = postSolution
		{DFB2EA9A-6F43-46EC-8DA4-AA04F52DBC41}.Debug|Any CPU.ActiveCfg = Debug|Any CPU
		{DFB2EA9A-6F43-46EC-8DA4-AA04F52DBC41}.Debug|Any CPU.Build.0 = Debug|Any CPU
		{DFB2EA9A-6F43-46EC-8DA4-AA04F52DBC41}.Release|Any CPU.ActiveCfg = Release|Any CPU
		{DFB2EA9A-6F43-46EC-8DA4-AA04F52DBC41}.Release|Any CPU.Build.0 = Release|Any CPU
	EndGlobalSection
	GlobalSection(SolutionProperties) = preSolution
		HideSolutionNode = FALSE
	EndGlobalSection
	GlobalSection(ExtensibilityGlobals) = postSolution
		SolutionGuid = {ED275B49-6B00-4AEC-B755-076A7CC1C227}
	EndGlobalSection
EndGlobal
